# This file was autogenerated by uv via the following command:
#    uv pip compile --generate-hashes hermetic_closure.txt -o hermetic_closure.lock
alpha-lib==1.0.0 \
    --hash=sha256:e2084796cc57a679acc8d57a1152275780ecf5144739c14e45790d18a960f42e \
    --hash=sha256:1b914df759f1738a5f7658dbe4a58826356ffd5f7e1c2ab54e9d7f619b648093
    # via -r hermetic_closure.txt
beta-tool==2.0.0 \
    --hash=sha256:6fd5f46046de2120e3eead910e896c257e9e1a75287a0a631d4ece1029bb0a91
    # via -r hermetic_closure.txt
gamma-dep==3.0.0 \
    --hash=sha256:dcf3ccf69649886495279d9c79fe64ea7d13badfee326562994af8cb912161b7 \
    --hash=sha256:a77063de55c590e32677cd1e4a2b46c5d360713735462d2f34c654541ca9335e
    # via
    #   alpha-lib
    #   beta-tool
